{
  "name": "bommy-nakama-backend",
  "version": "0.1.0",
  "lockfileVersion": 3,
  "requires": true,
  "packages": {
    "": {
      "name": "bommy-nakama-backend",
      "version": "0.1.0",
      "dependencies": {
        "nakama-runtime": "https://github.com/heroiclabs/nakama-common/archive/ce047cc70356030d61b0057cb9d91991c3106aec.tar.gz"
      },
      "devDependencies": {
        "typescript": "^5.8.3"
      }
    },
    "node_modules/nakama-runtime": {
      "version": "1.46.0",
      "resolved": "https://github.com/heroiclabs/nakama-common/archive/ce047cc70356030d61b0057cb9d91991c3106aec.tar.gz",
      "integrity": "sha512-4B9aF+O3iKm104RDaRhNrmRBVUFxt5CFND3wY+slsM4cHcufa0+W6Kw5Pr4BLCMKtIWtyCN5r/eLz7jWE7RNLA==",
      "license": "Apache-2.0"
    },
    "node_modules/typescript": {
      "version": "5.9.3",
      "resolved": "https://registry.npmjs.org/typescript/-/typescript-5.9.3.tgz",
      "integrity": "sha512-jl1vZzPDinLr9eUt3J/t7V6FgNEw9QjvBPdysz9KfQDD41fQrC2Y4vKQdiaUpFT4bXlb1RHhLpp8wtm6M5TgSw==",
      "dev": true,
      "license": "Apache-2.0",
      "bin": {
        "tsc": "bin/tsc",
        "tsserver": "bin/tsserver"
      },
      "engines": {
        "node": ">=14.17"
      }
    }
  }
}
